// !$*UTF8*$!
{
	archiveVersion = 1;
	classes = {
	};
	objectVersion = 55;
	objects = {

/* Begin PBXBuildFile section */
		5223933C2AD9548200B3776D /* Request.swift in Sources */ = {isa = PBXBuildFile; fileRef = 5223933B2AD9548200B3776D /* Request.swift */; };
		5223933E2AD954EB00B3776D /* Order.swift in Sources */ = {isa = PBXBuildFile; fileRef = 5223933D2AD954EB00B3776D /* Order.swift */; };
		522393402AD9550900B3776D /* OrderResponse.swift in Sources */ = {isa = PBXBuildFile; fileRef = 5223933F2AD9550800B3776D /* OrderResponse.swift */; };
		522393422ADA361700B3776D /* UIButton.swift in Sources */ = {isa = PBXBuildFile; fileRef = 522393412ADA361700B3776D /* UIButton.swift */; };
		5223934A2ADCEC8400B3776D /* UIViewController .swift in Sources */ = {isa = PBXBuildFile; fileRef = 522393492ADCEC8400B3776D /* UIViewController .swift */; };
		522393502ADE042D00B3776D /* OrderViewController.swift in Sources */ = {isa = PBXBuildFile; fileRef = 5223934E2ADE042D00B3776D /* OrderViewController.swift */; };
		522393512ADE042D00B3776D /* OrderViewController.xib in Resources */ = {isa = PBXBuildFile; fileRef = 5223934F2ADE042D00B3776D /* OrderViewController.xib */; };
		522393532ADE067C00B3776D /* OrderViewModel.swift in Sources */ = {isa = PBXBuildFile; fileRef = 522393522ADE067C00B3776D /* OrderViewModel.swift */; };
		522393552ADE068E00B3776D /* OrderUseCase.swift in Sources */ = {isa = PBXBuildFile; fileRef = 522393542ADE068E00B3776D /* OrderUseCase.swift */; };
		522393572ADE069800B3776D /* OrderNavigator.swift in Sources */ = {isa = PBXBuildFile; fileRef = 522393562ADE069800B3776D /* OrderNavigator.swift */; };
		522393592ADE08A900B3776D /* OrdersRepository.swift in Sources */ = {isa = PBXBuildFile; fileRef = 522393582ADE08A900B3776D /* OrdersRepository.swift */; };
		5223935B2ADE095200B3776D /* OrdersRequest.swift in Sources */ = {isa = PBXBuildFile; fileRef = 5223935A2ADE095200B3776D /* OrdersRequest.swift */; };
		5223935D2ADE09E200B3776D /* OrdersResponse.swift in Sources */ = {isa = PBXBuildFile; fileRef = 5223935C2ADE09E200B3776D /* OrdersResponse.swift */; };
		5223937A2ADE3C7900B3776D /* FavouriteViewController.swift in Sources */ = {isa = PBXBuildFile; fileRef = 522393782ADE3C7900B3776D /* FavouriteViewController.swift */; };
		5223937B2ADE3C7900B3776D /* FavouriteViewController.xib in Resources */ = {isa = PBXBuildFile; fileRef = 522393792ADE3C7900B3776D /* FavouriteViewController.xib */; };
		5223937E2ADE3D0D00B3776D /* FavouriteNavigator.swift in Sources */ = {isa = PBXBuildFile; fileRef = 5223937D2ADE3D0D00B3776D /* FavouriteNavigator.swift */; };
		522393802ADE3D1900B3776D /* FavouriteUseCase.swift in Sources */ = {isa = PBXBuildFile; fileRef = 5223937F2ADE3D1900B3776D /* FavouriteUseCase.swift */; };
		522393822ADE3D2C00B3776D /* FavouriteViewModel.swift in Sources */ = {isa = PBXBuildFile; fileRef = 522393812ADE3D2C00B3776D /* FavouriteViewModel.swift */; };
		522393872ADE3EA900B3776D /* FoodEntity.xcdatamodeld in Sources */ = {isa = PBXBuildFile; fileRef = 522393852ADE3EA900B3776D /* FoodEntity.xcdatamodeld */; };
		522393892ADE40BA00B3776D /* CoreDataReposiitory.swift in Sources */ = {isa = PBXBuildFile; fileRef = 522393882ADE40BA00B3776D /* CoreDataReposiitory.swift */; };
		5223938C2ADE416E00B3776D /* CoreDataService.swift in Sources */ = {isa = PBXBuildFile; fileRef = 5223938B2ADE416E00B3776D /* CoreDataService.swift */; };
		5223938E2ADE428500B3776D /* CoreDataErrorType.swift in Sources */ = {isa = PBXBuildFile; fileRef = 5223938D2ADE428500B3776D /* CoreDataErrorType.swift */; };
		526E17092AD4E197007270F1 /* HomeUseCase.swift in Sources */ = {isa = PBXBuildFile; fileRef = 526E17082AD4E197007270F1 /* HomeUseCase.swift */; };
		526E170B2AD4E1AB007270F1 /* HomeNavigator.swift in Sources */ = {isa = PBXBuildFile; fileRef = 526E170A2AD4E1AB007270F1 /* HomeNavigator.swift */; };
		526E17122AD4E257007270F1 /* APIService.swift in Sources */ = {isa = PBXBuildFile; fileRef = 526E17112AD4E257007270F1 /* APIService.swift */; };
		526E17142AD4E266007270F1 /* BaseRequest.swift in Sources */ = {isa = PBXBuildFile; fileRef = 526E17132AD4E266007270F1 /* BaseRequest.swift */; };
		526E17162AD4E275007270F1 /* CategoryRequest.swift in Sources */ = {isa = PBXBuildFile; fileRef = 526E17152AD4E275007270F1 /* CategoryRequest.swift */; };
		526E17192AD4E2A5007270F1 /* CategoryRepository.swift in Sources */ = {isa = PBXBuildFile; fileRef = 526E17182AD4E2A5007270F1 /* CategoryRepository.swift */; };
		526E171B2AD4E51A007270F1 /* Endpoint.swift in Sources */ = {isa = PBXBuildFile; fileRef = 526E171A2AD4E51A007270F1 /* Endpoint.swift */; };
		526E171D2AD4E670007270F1 /* ViewModelType.swift in Sources */ = {isa = PBXBuildFile; fileRef = 526E171C2AD4E670007270F1 /* ViewModelType.swift */; };
		526E171F2AD4E6AA007270F1 /* HomeViewModel.swift in Sources */ = {isa = PBXBuildFile; fileRef = 526E171E2AD4E6AA007270F1 /* HomeViewModel.swift */; };
		526E17242AD4E812007270F1 /* UINavigationController.swift in Sources */ = {isa = PBXBuildFile; fileRef = 526E17232AD4E812007270F1 /* UINavigationController.swift */; };
		526E17292AD4E8E4007270F1 /* Bindable.swift in Sources */ = {isa = PBXBuildFile; fileRef = 526E17282AD4E8E4007270F1 /* Bindable.swift */; };
		526E172B2AD4E980007270F1 /* AppNavigator.swift in Sources */ = {isa = PBXBuildFile; fileRef = 526E172A2AD4E980007270F1 /* AppNavigator.swift */; };
		526E172D2AD4E993007270F1 /* AppUseCase.swift in Sources */ = {isa = PBXBuildFile; fileRef = 526E172C2AD4E993007270F1 /* AppUseCase.swift */; };
		526E172F2AD4E99E007270F1 /* AppViewModel.swift in Sources */ = {isa = PBXBuildFile; fileRef = 526E172E2AD4E99E007270F1 /* AppViewModel.swift */; };
		526E17322AD53A5D007270F1 /* HomeViewController.xib in Resources */ = {isa = PBXBuildFile; fileRef = 526E17312AD53A5D007270F1 /* HomeViewController.xib */; };
		526E173C2AD53AD6007270F1 /* ItemFoodCell.swift in Sources */ = {isa = PBXBuildFile; fileRef = 526E17342AD53AD6007270F1 /* ItemFoodCell.swift */; };
		526E173D2AD53AD6007270F1 /* CategoryCell.swift in Sources */ = {isa = PBXBuildFile; fileRef = 526E17352AD53AD6007270F1 /* CategoryCell.swift */; };
		526E173F2AD53AD6007270F1 /* CategoryCell.xib in Resources */ = {isa = PBXBuildFile; fileRef = 526E17372AD53AD6007270F1 /* CategoryCell.xib */; };
		526E17402AD53AD6007270F1 /* ItemCategoryCell.swift in Sources */ = {isa = PBXBuildFile; fileRef = 526E17382AD53AD6007270F1 /* ItemCategoryCell.swift */; };
		526E17412AD53AD6007270F1 /* ItemCategoryCell.xib in Resources */ = {isa = PBXBuildFile; fileRef = 526E17392AD53AD6007270F1 /* ItemCategoryCell.xib */; };
		526E17422AD53AD6007270F1 /* ItemFoodCell.xib in Resources */ = {isa = PBXBuildFile; fileRef = 526E173A2AD53AD6007270F1 /* ItemFoodCell.xib */; };
		526E17452AD54336007270F1 /* Constant.swift in Sources */ = {isa = PBXBuildFile; fileRef = 526E17442AD54336007270F1 /* Constant.swift */; };
		526E17582AD62B78007270F1 /* FoodsCell.swift in Sources */ = {isa = PBXBuildFile; fileRef = 526E17562AD62B78007270F1 /* FoodsCell.swift */; };
		526E17592AD62B78007270F1 /* FoodsCell.xib in Resources */ = {isa = PBXBuildFile; fileRef = 526E17572AD62B78007270F1 /* FoodsCell.xib */; };
		526E175F2AD65152007270F1 /* FoodViewController.swift in Sources */ = {isa = PBXBuildFile; fileRef = 526E175D2AD65152007270F1 /* FoodViewController.swift */; };
		526E17602AD65152007270F1 /* FoodViewController.xib in Resources */ = {isa = PBXBuildFile; fileRef = 526E175E2AD65152007270F1 /* FoodViewController.xib */; };
		526E17622AD651D2007270F1 /* FoodUseCase.swift in Sources */ = {isa = PBXBuildFile; fileRef = 526E17612AD651D2007270F1 /* FoodUseCase.swift */; };
		526E17642AD651EB007270F1 /* FoodNavigator.swift in Sources */ = {isa = PBXBuildFile; fileRef = 526E17632AD651EB007270F1 /* FoodNavigator.swift */; };
		526E17662AD6534A007270F1 /* FoodRequest.swift in Sources */ = {isa = PBXBuildFile; fileRef = 526E17652AD6534A007270F1 /* FoodRequest.swift */; };
		526E17682AD6542C007270F1 /* FoodRepository.swift in Sources */ = {isa = PBXBuildFile; fileRef = 526E17672AD6542C007270F1 /* FoodRepository.swift */; };
		526E176A2AD6552F007270F1 /* FoodViewModel.swift in Sources */ = {isa = PBXBuildFile; fileRef = 526E17692AD6552F007270F1 /* FoodViewModel.swift */; };
		526E176C2AD65C6D007270F1 /* FoodListResponse.swift in Sources */ = {isa = PBXBuildFile; fileRef = 526E176B2AD65C6D007270F1 /* FoodListResponse.swift */; };
		526E17722AD6D2A7007270F1 /* FoodCategoryCell.swift in Sources */ = {isa = PBXBuildFile; fileRef = 526E17702AD6D2A7007270F1 /* FoodCategoryCell.swift */; };
		526E17732AD6D2A7007270F1 /* FoodCategoryCell.xib in Resources */ = {isa = PBXBuildFile; fileRef = 526E17712AD6D2A7007270F1 /* FoodCategoryCell.xib */; };
		526E17772AD79231007270F1 /* DetailViewController.swift in Sources */ = {isa = PBXBuildFile; fileRef = 526E17752AD79231007270F1 /* DetailViewController.swift */; };
		526E17782AD79231007270F1 /* DetailViewController.xib in Resources */ = {isa = PBXBuildFile; fileRef = 526E17762AD79231007270F1 /* DetailViewController.xib */; };
		526E177B2AD798BF007270F1 /* DetailViewModel.swift in Sources */ = {isa = PBXBuildFile; fileRef = 526E177A2AD798BF007270F1 /* DetailViewModel.swift */; };
		526E177E2AD79A29007270F1 /* DetailUseCase.swift in Sources */ = {isa = PBXBuildFile; fileRef = 526E177D2AD79A29007270F1 /* DetailUseCase.swift */; };
		526E17802AD79A37007270F1 /* DetailNavigator.swift in Sources */ = {isa = PBXBuildFile; fileRef = 526E177F2AD79A37007270F1 /* DetailNavigator.swift */; };
		526E17822AD79B9D007270F1 /* OrderRepository.swift in Sources */ = {isa = PBXBuildFile; fileRef = 526E17812AD79B9D007270F1 /* OrderRepository.swift */; };
		526E17842AD79BD2007270F1 /* OrderRequest.swift in Sources */ = {isa = PBXBuildFile; fileRef = 526E17832AD79BD2007270F1 /* OrderRequest.swift */; };
		52C86CD92ACF97AE008412E8 /* AppDelegate.swift in Sources */ = {isa = PBXBuildFile; fileRef = 52C86CD82ACF97AE008412E8 /* AppDelegate.swift */; };
		52C86CDD2ACF97AE008412E8 /* HomeViewController.swift in Sources */ = {isa = PBXBuildFile; fileRef = 52C86CDC2ACF97AE008412E8 /* HomeViewController.swift */; };
		52C86CE22ACF97B2008412E8 /* Assets.xcassets in Resources */ = {isa = PBXBuildFile; fileRef = 52C86CE12ACF97B2008412E8 /* Assets.xcassets */; };
		52C86CE52ACF97B2008412E8 /* LaunchScreen.storyboard in Resources */ = {isa = PBXBuildFile; fileRef = 52C86CE32ACF97B2008412E8 /* LaunchScreen.storyboard */; };
		52C86D0F2ACFA230008412E8 /* Localizable.strings in Resources */ = {isa = PBXBuildFile; fileRef = 52C86D0E2ACFA230008412E8 /* Localizable.strings */; };
		52C86D142ACFAAD2008412E8 /* swiftgen.yml in Resources */ = {isa = PBXBuildFile; fileRef = 52C86D132ACFAAD2008412E8 /* swiftgen.yml */; };
		52C86D162ACFB294008412E8 /* TabBarController.swift in Sources */ = {isa = PBXBuildFile; fileRef = 52C86D152ACFB294008412E8 /* TabBarController.swift */; };
		52C86D1A2ACFB4F8008412E8 /* Strings+Generated.swift in Sources */ = {isa = PBXBuildFile; fileRef = 52C86D192ACFB4F8008412E8 /* Strings+Generated.swift */; };
		52C86D4A2AD00917008412E8 /* Food.swift in Sources */ = {isa = PBXBuildFile; fileRef = 52C86D462AD00917008412E8 /* Food.swift */; };
		52C86D4B2AD00917008412E8 /* Category.swift in Sources */ = {isa = PBXBuildFile; fileRef = 52C86D472AD00917008412E8 /* Category.swift */; };
		52C86D4C2AD00917008412E8 /* CategoryResponse.swift in Sources */ = {isa = PBXBuildFile; fileRef = 52C86D482AD00917008412E8 /* CategoryResponse.swift */; };
		52C86D4D2AD00917008412E8 /* FoodResponse.swift in Sources */ = {isa = PBXBuildFile; fileRef = 52C86D492AD00917008412E8 /* FoodResponse.swift */; };
		52C86D4F2AD0092F008412E8 /* NetworkManager.swift in Sources */ = {isa = PBXBuildFile; fileRef = 52C86D4E2AD0092F008412E8 /* NetworkManager.swift */; };
		52C86D512AD00942008412E8 /* ErrorResponse.swift in Sources */ = {isa = PBXBuildFile; fileRef = 52C86D502AD00942008412E8 /* ErrorResponse.swift */; };
		C579CF591C5EE8200B578F34 /* Pods_FoodMenu.framework in Frameworks */ = {isa = PBXBuildFile; fileRef = 10DF3FDDB06787DFD20044C6 /* Pods_FoodMenu.framework */; };
/* End PBXBuildFile section */

/* Begin PBXContainerItemProxy section */
		52C86CEC2ACF97B3008412E8 /* PBXContainerItemProxy */ = {
			isa = PBXContainerItemProxy;
			containerPortal = 52C86CCD2ACF97AE008412E8 /* Project object */;
			proxyType = 1;
			remoteGlobalIDString = 52C86CD42ACF97AE008412E8;
			remoteInfo = FoodMenu;
		};
		52C86CF62ACF97B3008412E8 /* PBXContainerItemProxy */ = {
			isa = PBXContainerItemProxy;
			containerPortal = 52C86CCD2ACF97AE008412E8 /* Project object */;
			proxyType = 1;
			remoteGlobalIDString = 52C86CD42ACF97AE008412E8;
			remoteInfo = FoodMenu;
		};
/* End PBXContainerItemProxy section */

/* Begin PBXFileReference section */
		0F56117A2380C18EAEEF5EAA /* Pods-FoodMenu.release.xcconfig */ = {isa = PBXFileReference; includeInIndex = 1; lastKnownFileType = text.xcconfig; name = "Pods-FoodMenu.release.xcconfig"; path = "Target Support Files/Pods-FoodMenu/Pods-FoodMenu.release.xcconfig"; sourceTree = "<group>"; };
		10DF3FDDB06787DFD20044C6 /* Pods_FoodMenu.framework */ = {isa = PBXFileReference; explicitFileType = wrapper.framework; includeInIndex = 0; path = Pods_FoodMenu.framework; sourceTree = BUILT_PRODUCTS_DIR; };
		23F0C80E57E35A19BECC256B /* Pods-FoodMenu.debug.xcconfig */ = {isa = PBXFileReference; includeInIndex = 1; lastKnownFileType = text.xcconfig; name = "Pods-FoodMenu.debug.xcconfig"; path = "Target Support Files/Pods-FoodMenu/Pods-FoodMenu.debug.xcconfig"; sourceTree = "<group>"; };
		5223933B2AD9548200B3776D /* Request.swift */ = {isa = PBXFileReference; lastKnownFileType = sourcecode.swift; path = Request.swift; sourceTree = "<group>"; };
		5223933D2AD954EB00B3776D /* Order.swift */ = {isa = PBXFileReference; lastKnownFileType = sourcecode.swift; path = Order.swift; sourceTree = "<group>"; };
		5223933F2AD9550800B3776D /* OrderResponse.swift */ = {isa = PBXFileReference; lastKnownFileType = sourcecode.swift; path = OrderResponse.swift; sourceTree = "<group>"; };
		522393412ADA361700B3776D /* UIButton.swift */ = {isa = PBXFileReference; lastKnownFileType = sourcecode.swift; path = UIButton.swift; sourceTree = "<group>"; };
		522393492ADCEC8400B3776D /* UIViewController .swift */ = {isa = PBXFileReference; lastKnownFileType = sourcecode.swift; path = "UIViewController .swift"; sourceTree = "<group>"; };
		5223934E2ADE042D00B3776D /* OrderViewController.swift */ = {isa = PBXFileReference; lastKnownFileType = sourcecode.swift; path = OrderViewController.swift; sourceTree = "<group>"; };
		5223934F2ADE042D00B3776D /* OrderViewController.xib */ = {isa = PBXFileReference; lastKnownFileType = file.xib; path = OrderViewController.xib; sourceTree = "<group>"; };
		522393522ADE067C00B3776D /* OrderViewModel.swift */ = {isa = PBXFileReference; lastKnownFileType = sourcecode.swift; path = OrderViewModel.swift; sourceTree = "<group>"; };
		522393542ADE068E00B3776D /* OrderUseCase.swift */ = {isa = PBXFileReference; lastKnownFileType = sourcecode.swift; path = OrderUseCase.swift; sourceTree = "<group>"; };
		522393562ADE069800B3776D /* OrderNavigator.swift */ = {isa = PBXFileReference; lastKnownFileType = sourcecode.swift; path = OrderNavigator.swift; sourceTree = "<group>"; };
		522393582ADE08A900B3776D /* OrdersRepository.swift */ = {isa = PBXFileReference; lastKnownFileType = sourcecode.swift; path = OrdersRepository.swift; sourceTree = "<group>"; };
		5223935A2ADE095200B3776D /* OrdersRequest.swift */ = {isa = PBXFileReference; lastKnownFileType = sourcecode.swift; path = OrdersRequest.swift; sourceTree = "<group>"; };
		5223935C2ADE09E200B3776D /* OrdersResponse.swift */ = {isa = PBXFileReference; lastKnownFileType = sourcecode.swift; path = OrdersResponse.swift; sourceTree = "<group>"; };
		522393782ADE3C7900B3776D /* FavouriteViewController.swift */ = {isa = PBXFileReference; lastKnownFileType = sourcecode.swift; path = FavouriteViewController.swift; sourceTree = "<group>"; };
		522393792ADE3C7900B3776D /* FavouriteViewController.xib */ = {isa = PBXFileReference; lastKnownFileType = file.xib; path = FavouriteViewController.xib; sourceTree = "<group>"; };
		5223937D2ADE3D0D00B3776D /* FavouriteNavigator.swift */ = {isa = PBXFileReference; lastKnownFileType = sourcecode.swift; path = FavouriteNavigator.swift; sourceTree = "<group>"; };
		5223937F2ADE3D1900B3776D /* FavouriteUseCase.swift */ = {isa = PBXFileReference; lastKnownFileType = sourcecode.swift; path = FavouriteUseCase.swift; sourceTree = "<group>"; };
		522393812ADE3D2C00B3776D /* FavouriteViewModel.swift */ = {isa = PBXFileReference; lastKnownFileType = sourcecode.swift; path = FavouriteViewModel.swift; sourceTree = "<group>"; };
		522393862ADE3EA900B3776D /* FoodEntity.xcdatamodel */ = {isa = PBXFileReference; lastKnownFileType = wrapper.xcdatamodel; path = FoodEntity.xcdatamodel; sourceTree = "<group>"; };
		522393882ADE40BA00B3776D /* CoreDataReposiitory.swift */ = {isa = PBXFileReference; lastKnownFileType = sourcecode.swift; path = CoreDataReposiitory.swift; sourceTree = "<group>"; };
		5223938B2ADE416E00B3776D /* CoreDataService.swift */ = {isa = PBXFileReference; lastKnownFileType = sourcecode.swift; path = CoreDataService.swift; sourceTree = "<group>"; };
		5223938D2ADE428500B3776D /* CoreDataErrorType.swift */ = {isa = PBXFileReference; lastKnownFileType = sourcecode.swift; path = CoreDataErrorType.swift; sourceTree = "<group>"; };
		526E17082AD4E197007270F1 /* HomeUseCase.swift */ = {isa = PBXFileReference; lastKnownFileType = sourcecode.swift; path = HomeUseCase.swift; sourceTree = "<group>"; };
		526E170A2AD4E1AB007270F1 /* HomeNavigator.swift */ = {isa = PBXFileReference; lastKnownFileType = sourcecode.swift; path = HomeNavigator.swift; sourceTree = "<group>"; };
		526E17112AD4E257007270F1 /* APIService.swift */ = {isa = PBXFileReference; lastKnownFileType = sourcecode.swift; path = APIService.swift; sourceTree = "<group>"; };
		526E17132AD4E266007270F1 /* BaseRequest.swift */ = {isa = PBXFileReference; lastKnownFileType = sourcecode.swift; path = BaseRequest.swift; sourceTree = "<group>"; };
		526E17152AD4E275007270F1 /* CategoryRequest.swift */ = {isa = PBXFileReference; lastKnownFileType = sourcecode.swift; path = CategoryRequest.swift; sourceTree = "<group>"; };
		526E17182AD4E2A5007270F1 /* CategoryRepository.swift */ = {isa = PBXFileReference; lastKnownFileType = sourcecode.swift; path = CategoryRepository.swift; sourceTree = "<group>"; };
		526E171A2AD4E51A007270F1 /* Endpoint.swift */ = {isa = PBXFileReference; lastKnownFileType = sourcecode.swift; path = Endpoint.swift; sourceTree = "<group>"; };
		526E171C2AD4E670007270F1 /* ViewModelType.swift */ = {isa = PBXFileReference; lastKnownFileType = sourcecode.swift; path = ViewModelType.swift; sourceTree = "<group>"; };
		526E171E2AD4E6AA007270F1 /* HomeViewModel.swift */ = {isa = PBXFileReference; lastKnownFileType = sourcecode.swift; path = HomeViewModel.swift; sourceTree = "<group>"; };
		526E17232AD4E812007270F1 /* UINavigationController.swift */ = {isa = PBXFileReference; lastKnownFileType = sourcecode.swift; path = UINavigationController.swift; sourceTree = "<group>"; };
		526E17282AD4E8E4007270F1 /* Bindable.swift */ = {isa = PBXFileReference; lastKnownFileType = sourcecode.swift; path = Bindable.swift; sourceTree = "<group>"; };
		526E172A2AD4E980007270F1 /* AppNavigator.swift */ = {isa = PBXFileReference; lastKnownFileType = sourcecode.swift; path = AppNavigator.swift; sourceTree = "<group>"; };
		526E172C2AD4E993007270F1 /* AppUseCase.swift */ = {isa = PBXFileReference; lastKnownFileType = sourcecode.swift; path = AppUseCase.swift; sourceTree = "<group>"; };
		526E172E2AD4E99E007270F1 /* AppViewModel.swift */ = {isa = PBXFileReference; lastKnownFileType = sourcecode.swift; path = AppViewModel.swift; sourceTree = "<group>"; };
		526E17312AD53A5D007270F1 /* HomeViewController.xib */ = {isa = PBXFileReference; fileEncoding = 4; lastKnownFileType = file.xib; name = HomeViewController.xib; path = ../../../../../../../Desktop/TestFood/TestFood/Scene/Home/View/HomeViewController.xib; sourceTree = "<group>"; };
		526E17342AD53AD6007270F1 /* ItemFoodCell.swift */ = {isa = PBXFileReference; fileEncoding = 4; lastKnownFileType = sourcecode.swift; name = ItemFoodCell.swift; path = ../../../../../../../../Desktop/TestFood/TestFood/Scene/Home/Cell/ItemFoodCell.swift; sourceTree = "<group>"; };
		526E17352AD53AD6007270F1 /* CategoryCell.swift */ = {isa = PBXFileReference; fileEncoding = 4; lastKnownFileType = sourcecode.swift; name = CategoryCell.swift; path = ../../../../../../../../Desktop/TestFood/TestFood/Scene/Home/Cell/CategoryCell.swift; sourceTree = "<group>"; };
		526E17372AD53AD6007270F1 /* CategoryCell.xib */ = {isa = PBXFileReference; fileEncoding = 4; lastKnownFileType = file.xib; name = CategoryCell.xib; path = ../../../../../../../../Desktop/TestFood/TestFood/Scene/Home/Cell/CategoryCell.xib; sourceTree = "<group>"; };
		526E17382AD53AD6007270F1 /* ItemCategoryCell.swift */ = {isa = PBXFileReference; fileEncoding = 4; lastKnownFileType = sourcecode.swift; name = ItemCategoryCell.swift; path = ../../../../../../../../Desktop/TestFood/TestFood/Scene/Home/Cell/ItemCategoryCell.swift; sourceTree = "<group>"; };
		526E17392AD53AD6007270F1 /* ItemCategoryCell.xib */ = {isa = PBXFileReference; fileEncoding = 4; lastKnownFileType = file.xib; name = ItemCategoryCell.xib; path = ../../../../../../../../Desktop/TestFood/TestFood/Scene/Home/Cell/ItemCategoryCell.xib; sourceTree = "<group>"; };
		526E173A2AD53AD6007270F1 /* ItemFoodCell.xib */ = {isa = PBXFileReference; fileEncoding = 4; lastKnownFileType = file.xib; name = ItemFoodCell.xib; path = ../../../../../../../../Desktop/TestFood/TestFood/Scene/Home/Cell/ItemFoodCell.xib; sourceTree = "<group>"; };
		526E17442AD54336007270F1 /* Constant.swift */ = {isa = PBXFileReference; lastKnownFileType = sourcecode.swift; path = Constant.swift; sourceTree = "<group>"; };
		526E17562AD62B78007270F1 /* FoodsCell.swift */ = {isa = PBXFileReference; lastKnownFileType = sourcecode.swift; path = FoodsCell.swift; sourceTree = "<group>"; };
		526E17572AD62B78007270F1 /* FoodsCell.xib */ = {isa = PBXFileReference; lastKnownFileType = file.xib; path = FoodsCell.xib; sourceTree = "<group>"; };
		526E175D2AD65152007270F1 /* FoodViewController.swift */ = {isa = PBXFileReference; lastKnownFileType = sourcecode.swift; path = FoodViewController.swift; sourceTree = "<group>"; };
		526E175E2AD65152007270F1 /* FoodViewController.xib */ = {isa = PBXFileReference; lastKnownFileType = file.xib; path = FoodViewController.xib; sourceTree = "<group>"; };
		526E17612AD651D2007270F1 /* FoodUseCase.swift */ = {isa = PBXFileReference; lastKnownFileType = sourcecode.swift; path = FoodUseCase.swift; sourceTree = "<group>"; };
		526E17632AD651EB007270F1 /* FoodNavigator.swift */ = {isa = PBXFileReference; lastKnownFileType = sourcecode.swift; path = FoodNavigator.swift; sourceTree = "<group>"; };
		526E17652AD6534A007270F1 /* FoodRequest.swift */ = {isa = PBXFileReference; lastKnownFileType = sourcecode.swift; path = FoodRequest.swift; sourceTree = "<group>"; };
		526E17672AD6542C007270F1 /* FoodRepository.swift */ = {isa = PBXFileReference; lastKnownFileType = sourcecode.swift; path = FoodRepository.swift; sourceTree = "<group>"; };
		526E17692AD6552F007270F1 /* FoodViewModel.swift */ = {isa = PBXFileReference; lastKnownFileType = sourcecode.swift; path = FoodViewModel.swift; sourceTree = "<group>"; };
		526E176B2AD65C6D007270F1 /* FoodListResponse.swift */ = {isa = PBXFileReference; lastKnownFileType = sourcecode.swift; path = FoodListResponse.swift; sourceTree = "<group>"; };
		526E17702AD6D2A7007270F1 /* FoodCategoryCell.swift */ = {isa = PBXFileReference; lastKnownFileType = sourcecode.swift; path = FoodCategoryCell.swift; sourceTree = "<group>"; };
		526E17712AD6D2A7007270F1 /* FoodCategoryCell.xib */ = {isa = PBXFileReference; lastKnownFileType = file.xib; path = FoodCategoryCell.xib; sourceTree = "<group>"; };
		526E17752AD79231007270F1 /* DetailViewController.swift */ = {isa = PBXFileReference; lastKnownFileType = sourcecode.swift; path = DetailViewController.swift; sourceTree = "<group>"; };
		526E17762AD79231007270F1 /* DetailViewController.xib */ = {isa = PBXFileReference; lastKnownFileType = file.xib; path = DetailViewController.xib; sourceTree = "<group>"; };
		526E177A2AD798BF007270F1 /* DetailViewModel.swift */ = {isa = PBXFileReference; lastKnownFileType = sourcecode.swift; path = DetailViewModel.swift; sourceTree = "<group>"; };
		526E177D2AD79A29007270F1 /* DetailUseCase.swift */ = {isa = PBXFileReference; lastKnownFileType = sourcecode.swift; path = DetailUseCase.swift; sourceTree = "<group>"; };
		526E177F2AD79A37007270F1 /* DetailNavigator.swift */ = {isa = PBXFileReference; lastKnownFileType = sourcecode.swift; path = DetailNavigator.swift; sourceTree = "<group>"; };
		526E17812AD79B9D007270F1 /* OrderRepository.swift */ = {isa = PBXFileReference; lastKnownFileType = sourcecode.swift; path = OrderRepository.swift; sourceTree = "<group>"; };
		526E17832AD79BD2007270F1 /* OrderRequest.swift */ = {isa = PBXFileReference; lastKnownFileType = sourcecode.swift; path = OrderRequest.swift; sourceTree = "<group>"; };
		52C86CD52ACF97AE008412E8 /* FoodMenu.app */ = {isa = PBXFileReference; explicitFileType = wrapper.application; includeInIndex = 0; path = FoodMenu.app; sourceTree = BUILT_PRODUCTS_DIR; };
		52C86CD82ACF97AE008412E8 /* AppDelegate.swift */ = {isa = PBXFileReference; lastKnownFileType = sourcecode.swift; path = AppDelegate.swift; sourceTree = "<group>"; };
		52C86CDC2ACF97AE008412E8 /* HomeViewController.swift */ = {isa = PBXFileReference; lastKnownFileType = sourcecode.swift; path = HomeViewController.swift; sourceTree = "<group>"; };
		52C86CE12ACF97B2008412E8 /* Assets.xcassets */ = {isa = PBXFileReference; lastKnownFileType = folder.assetcatalog; path = Assets.xcassets; sourceTree = "<group>"; };
		52C86CE42ACF97B2008412E8 /* Base */ = {isa = PBXFileReference; lastKnownFileType = file.storyboard; name = Base; path = Base.lproj/LaunchScreen.storyboard; sourceTree = "<group>"; };
		52C86CE62ACF97B2008412E8 /* Info.plist */ = {isa = PBXFileReference; lastKnownFileType = text.plist.xml; path = Info.plist; sourceTree = "<group>"; };
		52C86CEB2ACF97B3008412E8 /* FoodMenuTests.xctest */ = {isa = PBXFileReference; explicitFileType = wrapper.cfbundle; includeInIndex = 0; path = FoodMenuTests.xctest; sourceTree = BUILT_PRODUCTS_DIR; };
		52C86CF52ACF97B3008412E8 /* FoodMenuUITests.xctest */ = {isa = PBXFileReference; explicitFileType = wrapper.cfbundle; includeInIndex = 0; path = FoodMenuUITests.xctest; sourceTree = BUILT_PRODUCTS_DIR; };
		52C86D0E2ACFA230008412E8 /* Localizable.strings */ = {isa = PBXFileReference; lastKnownFileType = text.plist.strings; path = Localizable.strings; sourceTree = "<group>"; };
		52C86D132ACFAAD2008412E8 /* swiftgen.yml */ = {isa = PBXFileReference; fileEncoding = 4; lastKnownFileType = text.yaml; path = swiftgen.yml; sourceTree = "<group>"; };
		52C86D152ACFB294008412E8 /* TabBarController.swift */ = {isa = PBXFileReference; lastKnownFileType = sourcecode.swift; path = TabBarController.swift; sourceTree = "<group>"; };
		52C86D192ACFB4F8008412E8 /* Strings+Generated.swift */ = {isa = PBXFileReference; fileEncoding = 4; lastKnownFileType = sourcecode.swift; path = "Strings+Generated.swift"; sourceTree = "<group>"; };
		52C86D462AD00917008412E8 /* Food.swift */ = {isa = PBXFileReference; fileEncoding = 4; lastKnownFileType = sourcecode.swift; name = Food.swift; path = ../../../../FoodMenu/FoodMenu/FoodMenu/Model/Food.swift; sourceTree = "<group>"; };
		52C86D472AD00917008412E8 /* Category.swift */ = {isa = PBXFileReference; fileEncoding = 4; lastKnownFileType = sourcecode.swift; name = Category.swift; path = ../../../../FoodMenu/FoodMenu/FoodMenu/Model/Category.swift; sourceTree = "<group>"; };
		52C86D482AD00917008412E8 /* CategoryResponse.swift */ = {isa = PBXFileReference; fileEncoding = 4; lastKnownFileType = sourcecode.swift; name = CategoryResponse.swift; path = ../../../../FoodMenu/FoodMenu/FoodMenu/Model/CategoryResponse.swift; sourceTree = "<group>"; };
		52C86D492AD00917008412E8 /* FoodResponse.swift */ = {isa = PBXFileReference; fileEncoding = 4; lastKnownFileType = sourcecode.swift; name = FoodResponse.swift; path = ../../../../FoodMenu/FoodMenu/FoodMenu/Model/FoodResponse.swift; sourceTree = "<group>"; };
		52C86D4E2AD0092F008412E8 /* NetworkManager.swift */ = {isa = PBXFileReference; fileEncoding = 4; lastKnownFileType = sourcecode.swift; name = NetworkManager.swift; path = ../../../../FoodMenu/FoodMenu/FoodMenu/Manager/NetworkManager.swift; sourceTree = "<group>"; };
		52C86D502AD00942008412E8 /* ErrorResponse.swift */ = {isa = PBXFileReference; fileEncoding = 4; lastKnownFileType = sourcecode.swift; name = ErrorResponse.swift; path = ../../../FoodMenu/FoodMenu/FoodMenu/ErrorResponse.swift; sourceTree = "<group>"; };
/* End PBXFileReference section */

/* Begin PBXFrameworksBuildPhase section */
		52C86CD22ACF97AE008412E8 /* Frameworks */ = {
			isa = PBXFrameworksBuildPhase;
			buildActionMask = 2147483647;
			files = (
				C579CF591C5EE8200B578F34 /* Pods_FoodMenu.framework in Frameworks */,
			);
			runOnlyForDeploymentPostprocessing = 0;
		};
		52C86CE82ACF97B3008412E8 /* Frameworks */ = {
			isa = PBXFrameworksBuildPhase;
			buildActionMask = 2147483647;
			files = (
			);
			runOnlyForDeploymentPostprocessing = 0;
		};
		52C86CF22ACF97B3008412E8 /* Frameworks */ = {
			isa = PBXFrameworksBuildPhase;
			buildActionMask = 2147483647;
			files = (
			);
			runOnlyForDeploymentPostprocessing = 0;
		};
/* End PBXFrameworksBuildPhase section */

/* Begin PBXGroup section */
		5223934B2ADE040600B3776D /* Order */ = {
			isa = PBXGroup;
			children = (
				5223934D2ADE041900B3776D /* View */,
				5223934C2ADE041200B3776D /* ViewModel */,
				522393542ADE068E00B3776D /* OrderUseCase.swift */,
				522393562ADE069800B3776D /* OrderNavigator.swift */,
			);
			path = Order;
			sourceTree = "<group>";
		};
		5223934C2ADE041200B3776D /* ViewModel */ = {
			isa = PBXGroup;
			children = (
				522393522ADE067C00B3776D /* OrderViewModel.swift */,
			);
			path = ViewModel;
			sourceTree = "<group>";
		};
		5223934D2ADE041900B3776D /* View */ = {
			isa = PBXGroup;
			children = (
				5223934E2ADE042D00B3776D /* OrderViewController.swift */,
				5223934F2ADE042D00B3776D /* OrderViewController.xib */,
			);
			path = View;
			sourceTree = "<group>";
		};
		522393692ADE39C400B3776D /* View */ = {
			isa = PBXGroup;
			children = (
				522393782ADE3C7900B3776D /* FavouriteViewController.swift */,
				522393792ADE3C7900B3776D /* FavouriteViewController.xib */,
			);
			path = View;
			sourceTree = "<group>";
		};
		5223937C2ADE3CE600B3776D /* ViewModel */ = {
			isa = PBXGroup;
			children = (
				522393812ADE3D2C00B3776D /* FavouriteViewModel.swift */,
			);
			path = ViewModel;
			sourceTree = "<group>";
		};
		5223938A2ADE415E00B3776D /* CoreData */ = {
			isa = PBXGroup;
			children = (
				5223938B2ADE416E00B3776D /* CoreDataService.swift */,
			);
			path = CoreData;
			sourceTree = "<group>";
		};
		526E17062AD4E16A007270F1 /* View */ = {
			isa = PBXGroup;
			children = (
				526E17332AD53AC4007270F1 /* Cell */,
				526E17312AD53A5D007270F1 /* HomeViewController.xib */,
				52C86CDC2ACF97AE008412E8 /* HomeViewController.swift */,
			);
			path = View;
			sourceTree = "<group>";
		};
		526E17072AD4E172007270F1 /* ViewModel */ = {
			isa = PBXGroup;
			children = (
				526E171E2AD4E6AA007270F1 /* HomeViewModel.swift */,
			);
			path = ViewModel;
			sourceTree = "<group>";
		};
		526E170C2AD4E1E8007270F1 /* Domain */ = {
			isa = PBXGroup;
			children = (
			);
			path = Domain;
			sourceTree = "<group>";
		};
		526E170D2AD4E1F0007270F1 /* Platform */ = {
			isa = PBXGroup;
			children = (
				5223938A2ADE415E00B3776D /* CoreData */,
				526E17172AD4E27A007270F1 /* Repository */,
				526E17102AD4E240007270F1 /* API */,
				526E170F2AD4E239007270F1 /* Request */,
			);
			path = Platform;
			sourceTree = "<group>";
		};
		526E170E2AD4E1FE007270F1 /* Extensions */ = {
			isa = PBXGroup;
			children = (
				526E17232AD4E812007270F1 /* UINavigationController.swift */,
				522393412ADA361700B3776D /* UIButton.swift */,
				522393492ADCEC8400B3776D /* UIViewController .swift */,
			);
			path = Extensions;
			sourceTree = "<group>";
		};
		526E170F2AD4E239007270F1 /* Request */ = {
			isa = PBXGroup;
			children = (
				526E17132AD4E266007270F1 /* BaseRequest.swift */,
				526E17152AD4E275007270F1 /* CategoryRequest.swift */,
				526E17652AD6534A007270F1 /* FoodRequest.swift */,
				526E17832AD79BD2007270F1 /* OrderRequest.swift */,
				5223935A2ADE095200B3776D /* OrdersRequest.swift */,
			);
			path = Request;
			sourceTree = "<group>";
		};
		526E17102AD4E240007270F1 /* API */ = {
			isa = PBXGroup;
			children = (
				526E17112AD4E257007270F1 /* APIService.swift */,
			);
			path = API;
			sourceTree = "<group>";
		};
		526E17172AD4E27A007270F1 /* Repository */ = {
			isa = PBXGroup;
			children = (
				526E17182AD4E2A5007270F1 /* CategoryRepository.swift */,
				526E17672AD6542C007270F1 /* FoodRepository.swift */,
				526E17812AD79B9D007270F1 /* OrderRepository.swift */,
				522393582ADE08A900B3776D /* OrdersRepository.swift */,
				522393882ADE40BA00B3776D /* CoreDataReposiitory.swift */,
			);
			path = Repository;
			sourceTree = "<group>";
		};
		526E17202AD4E7CD007270F1 /* App */ = {
			isa = PBXGroup;
			children = (
				526E172A2AD4E980007270F1 /* AppNavigator.swift */,
				526E172C2AD4E993007270F1 /* AppUseCase.swift */,
				526E172E2AD4E99E007270F1 /* AppViewModel.swift */,
			);
			path = App;
			sourceTree = "<group>";
		};
		526E17272AD4E8D8007270F1 /* Utils */ = {
			isa = PBXGroup;
			children = (
				526E17282AD4E8E4007270F1 /* Bindable.swift */,
				526E17442AD54336007270F1 /* Constant.swift */,
				5223938D2ADE428500B3776D /* CoreDataErrorType.swift */,
			);
			path = Utils;
			sourceTree = "<group>";
		};
		526E17302AD4F33F007270F1 /* TabBar */ = {
			isa = PBXGroup;
			children = (
				52C86D152ACFB294008412E8 /* TabBarController.swift */,
			);
			path = TabBar;
			sourceTree = "<group>";
		};
		526E17332AD53AC4007270F1 /* Cell */ = {
			isa = PBXGroup;
			children = (
				526E17352AD53AD6007270F1 /* CategoryCell.swift */,
				526E17372AD53AD6007270F1 /* CategoryCell.xib */,
				526E17382AD53AD6007270F1 /* ItemCategoryCell.swift */,
				526E17392AD53AD6007270F1 /* ItemCategoryCell.xib */,
				526E17342AD53AD6007270F1 /* ItemFoodCell.swift */,
				526E173A2AD53AD6007270F1 /* ItemFoodCell.xib */,
				526E17562AD62B78007270F1 /* FoodsCell.swift */,
				526E17572AD62B78007270F1 /* FoodsCell.xib */,
			);
			path = Cell;
			sourceTree = "<group>";
		};
		526E175A2AD65110007270F1 /* Food */ = {
			isa = PBXGroup;
			children = (
				526E175C2AD6512E007270F1 /* View */,
				526E175B2AD65121007270F1 /* ViewModel */,
				526E17612AD651D2007270F1 /* FoodUseCase.swift */,
				526E17632AD651EB007270F1 /* FoodNavigator.swift */,
			);
			path = Food;
			sourceTree = "<group>";
		};
		526E175B2AD65121007270F1 /* ViewModel */ = {
			isa = PBXGroup;
			children = (
				526E17692AD6552F007270F1 /* FoodViewModel.swift */,
			);
			path = ViewModel;
			sourceTree = "<group>";
		};
		526E175C2AD6512E007270F1 /* View */ = {
			isa = PBXGroup;
			children = (
				526E176F2AD6D285007270F1 /* Cell */,
				526E175D2AD65152007270F1 /* FoodViewController.swift */,
				526E175E2AD65152007270F1 /* FoodViewController.xib */,
			);
			path = View;
			sourceTree = "<group>";
		};
		526E176F2AD6D285007270F1 /* Cell */ = {
			isa = PBXGroup;
			children = (
				526E17702AD6D2A7007270F1 /* FoodCategoryCell.swift */,
				526E17712AD6D2A7007270F1 /* FoodCategoryCell.xib */,
			);
			path = Cell;
			sourceTree = "<group>";
		};
		526E17742AD79218007270F1 /* Detail */ = {
			isa = PBXGroup;
			children = (
				526E177C2AD799F3007270F1 /* View */,
				526E17792AD798A0007270F1 /* ViewModel */,
				526E177D2AD79A29007270F1 /* DetailUseCase.swift */,
				526E177F2AD79A37007270F1 /* DetailNavigator.swift */,
			);
			path = Detail;
			sourceTree = "<group>";
		};
		526E17792AD798A0007270F1 /* ViewModel */ = {
			isa = PBXGroup;
			children = (
				526E177A2AD798BF007270F1 /* DetailViewModel.swift */,
			);
			path = ViewModel;
			sourceTree = "<group>";
		};
		526E177C2AD799F3007270F1 /* View */ = {
			isa = PBXGroup;
			children = (
				526E17752AD79231007270F1 /* DetailViewController.swift */,
				526E17762AD79231007270F1 /* DetailViewController.xib */,
			);
			path = View;
			sourceTree = "<group>";
		};
		52C86CCC2ACF97AE008412E8 = {
			isa = PBXGroup;
			children = (
				52C86D132ACFAAD2008412E8 /* swiftgen.yml */,
				52C86CD72ACF97AE008412E8 /* FoodMenu */,
				52C86CD62ACF97AE008412E8 /* Products */,
				662E68F52A21B3CCC6FE309F /* Pods */,
				BFC5AE9A29A3A768FC952866 /* Frameworks */,
			);
			sourceTree = "<group>";
		};
		52C86CD62ACF97AE008412E8 /* Products */ = {
			isa = PBXGroup;
			children = (
				52C86CD52ACF97AE008412E8 /* FoodMenu.app */,
				52C86CEB2ACF97B3008412E8 /* FoodMenuTests.xctest */,
				52C86CF52ACF97B3008412E8 /* FoodMenuUITests.xctest */,
			);
			name = Products;
			sourceTree = "<group>";
		};
		52C86CD72ACF97AE008412E8 /* FoodMenu */ = {
			isa = PBXGroup;
			children = (
				526E17272AD4E8D8007270F1 /* Utils */,
				526E170E2AD4E1FE007270F1 /* Extensions */,
				526E170D2AD4E1F0007270F1 /* Platform */,
				526E170C2AD4E1E8007270F1 /* Domain */,
				52C86D502AD00942008412E8 /* ErrorResponse.swift */,
				52C86D452AD008FE008412E8 /* Model */,
				52C86D422AD008BC008412E8 /* Manager */,
				52C86D1B2ACFB5AB008412E8 /* Scene */,
				52C86D0D2ACFA1E1008412E8 /* Resource */,
				52C86CD82ACF97AE008412E8 /* AppDelegate.swift */,
				52C86CE12ACF97B2008412E8 /* Assets.xcassets */,
				52C86CE32ACF97B2008412E8 /* LaunchScreen.storyboard */,
				52C86CE62ACF97B2008412E8 /* Info.plist */,
				526E171C2AD4E670007270F1 /* ViewModelType.swift */,
			);
			path = FoodMenu;
			sourceTree = "<group>";
		};
		52C86D0D2ACFA1E1008412E8 /* Resource */ = {
			isa = PBXGroup;
			children = (
				52C86D192ACFB4F8008412E8 /* Strings+Generated.swift */,
				52C86D0E2ACFA230008412E8 /* Localizable.strings */,
			);
			path = Resource;
			sourceTree = "<group>";
		};
		52C86D1B2ACFB5AB008412E8 /* Scene */ = {
			isa = PBXGroup;
			children = (
				52C86D1C2ACFB5B2008412E8 /* Home */,
				5223934B2ADE040600B3776D /* Order */,
				526E17742AD79218007270F1 /* Detail */,
				526E175A2AD65110007270F1 /* Food */,
				526E17302AD4F33F007270F1 /* TabBar */,
				526E17202AD4E7CD007270F1 /* App */,
				52C86D1D2ACFB5BD008412E8 /* Favourite */,
			);
			path = Scene;
			sourceTree = "<group>";
		};
		52C86D1C2ACFB5B2008412E8 /* Home */ = {
			isa = PBXGroup;
			children = (
				526E17072AD4E172007270F1 /* ViewModel */,
				526E17062AD4E16A007270F1 /* View */,
				526E17082AD4E197007270F1 /* HomeUseCase.swift */,
				526E170A2AD4E1AB007270F1 /* HomeNavigator.swift */,
			);
			path = Home;
			sourceTree = "<group>";
		};
		52C86D1D2ACFB5BD008412E8 /* Favourite */ = {
			isa = PBXGroup;
			children = (
				5223937C2ADE3CE600B3776D /* ViewModel */,
				522393692ADE39C400B3776D /* View */,
				5223937D2ADE3D0D00B3776D /* FavouriteNavigator.swift */,
				5223937F2ADE3D1900B3776D /* FavouriteUseCase.swift */,
			);
			path = Favourite;
			sourceTree = "<group>";
		};
		52C86D422AD008BC008412E8 /* Manager */ = {
			isa = PBXGroup;
			children = (
				52C86D4E2AD0092F008412E8 /* NetworkManager.swift */,
			);
			path = Manager;
			sourceTree = "<group>";
		};
		52C86D452AD008FE008412E8 /* Model */ = {
			isa = PBXGroup;
			children = (
				52C86D472AD00917008412E8 /* Category.swift */,
				52C86D482AD00917008412E8 /* CategoryResponse.swift */,
				52C86D462AD00917008412E8 /* Food.swift */,
				52C86D492AD00917008412E8 /* FoodResponse.swift */,
				526E171A2AD4E51A007270F1 /* Endpoint.swift */,
				526E176B2AD65C6D007270F1 /* FoodListResponse.swift */,
				5223933B2AD9548200B3776D /* Request.swift */,
				5223933D2AD954EB00B3776D /* Order.swift */,
				5223933F2AD9550800B3776D /* OrderResponse.swift */,
				5223935C2ADE09E200B3776D /* OrdersResponse.swift */,
				522393852ADE3EA900B3776D /* FoodEntity.xcdatamodeld */,
			);
			path = Model;
			sourceTree = "<group>";
		};
		662E68F52A21B3CCC6FE309F /* Pods */ = {
			isa = PBXGroup;
			children = (
				23F0C80E57E35A19BECC256B /* Pods-FoodMenu.debug.xcconfig */,
				0F56117A2380C18EAEEF5EAA /* Pods-FoodMenu.release.xcconfig */,
			);
			path = Pods;
			sourceTree = "<group>";
		};
		BFC5AE9A29A3A768FC952866 /* Frameworks */ = {
			isa = PBXGroup;
			children = (
				10DF3FDDB06787DFD20044C6 /* Pods_FoodMenu.framework */,
			);
			name = Frameworks;
			sourceTree = "<group>";
		};
/* End PBXGroup section */

/* Begin PBXNativeTarget section */
		52C86CD42ACF97AE008412E8 /* FoodMenu */ = {
			isa = PBXNativeTarget;
			buildConfigurationList = 52C86CFF2ACF97B3008412E8 /* Build configuration list for PBXNativeTarget "FoodMenu" */;
			buildPhases = (
				79BA998552D2602A24EA26BD /* [CP] Check Pods Manifest.lock */,
				52C86CD12ACF97AE008412E8 /* Sources */,
				52C86CD22ACF97AE008412E8 /* Frameworks */,
				52C86CD32ACF97AE008412E8 /* Resources */,
				52C86D092ACFA055008412E8 /* Swiftgen */,
				4A5A49FA3508556D8693DDCB /* [CP] Embed Pods Frameworks */,
			);
			buildRules = (
			);
			dependencies = (
			);
			name = FoodMenu;
			productName = FoodMenu;
			productReference = 52C86CD52ACF97AE008412E8 /* FoodMenu.app */;
			productType = "com.apple.product-type.application";
		};
		52C86CEA2ACF97B3008412E8 /* FoodMenuTests */ = {
			isa = PBXNativeTarget;
			buildConfigurationList = 52C86D022ACF97B3008412E8 /* Build configuration list for PBXNativeTarget "FoodMenuTests" */;
			buildPhases = (
				52C86CE72ACF97B3008412E8 /* Sources */,
				52C86CE82ACF97B3008412E8 /* Frameworks */,
				52C86CE92ACF97B3008412E8 /* Resources */,
			);
			buildRules = (
			);
			dependencies = (
				52C86CED2ACF97B3008412E8 /* PBXTargetDependency */,
			);
			name = FoodMenuTests;
			productName = FoodMenuTests;
			productReference = 52C86CEB2ACF97B3008412E8 /* FoodMenuTests.xctest */;
			productType = "com.apple.product-type.bundle.unit-test";
		};
		52C86CF42ACF97B3008412E8 /* FoodMenuUITests */ = {
			isa = PBXNativeTarget;
			buildConfigurationList = 52C86D052ACF97B3008412E8 /* Build configuration list for PBXNativeTarget "FoodMenuUITests" */;
			buildPhases = (
				52C86CF12ACF97B3008412E8 /* Sources */,
				52C86CF22ACF97B3008412E8 /* Frameworks */,
				52C86CF32ACF97B3008412E8 /* Resources */,
			);
			buildRules = (
			);
			dependencies = (
				52C86CF72ACF97B3008412E8 /* PBXTargetDependency */,
			);
			name = FoodMenuUITests;
			productName = FoodMenuUITests;
			productReference = 52C86CF52ACF97B3008412E8 /* FoodMenuUITests.xctest */;
			productType = "com.apple.product-type.bundle.ui-testing";
		};
/* End PBXNativeTarget section */

/* Begin PBXProject section */
		52C86CCD2ACF97AE008412E8 /* Project object */ = {
			isa = PBXProject;
			attributes = {
				BuildIndependentTargetsInParallel = 1;
				LastSwiftUpdateCheck = 1340;
				LastUpgradeCheck = 1340;
				TargetAttributes = {
					52C86CD42ACF97AE008412E8 = {
						CreatedOnToolsVersion = 13.4;
					};
					52C86CEA2ACF97B3008412E8 = {
						CreatedOnToolsVersion = 13.4;
						TestTargetID = 52C86CD42ACF97AE008412E8;
					};
					52C86CF42ACF97B3008412E8 = {
						CreatedOnToolsVersion = 13.4;
						TestTargetID = 52C86CD42ACF97AE008412E8;
					};
				};
			};
			buildConfigurationList = 52C86CD02ACF97AE008412E8 /* Build configuration list for PBXProject "FoodMenu" */;
			compatibilityVersion = "Xcode 13.0";
			developmentRegion = en;
			hasScannedForEncodings = 0;
			knownRegions = (
				en,
				Base,
			);
			mainGroup = 52C86CCC2ACF97AE008412E8;
			productRefGroup = 52C86CD62ACF97AE008412E8 /* Products */;
			projectDirPath = "";
			projectRoot = "";
			targets = (
				52C86CD42ACF97AE008412E8 /* FoodMenu */,
				52C86CEA2ACF97B3008412E8 /* FoodMenuTests */,
				52C86CF42ACF97B3008412E8 /* FoodMenuUITests */,
			);
		};
/* End PBXProject section */

/* Begin PBXResourcesBuildPhase section */
		52C86CD32ACF97AE008412E8 /* Resources */ = {
			isa = PBXResourcesBuildPhase;
			buildActionMask = 2147483647;
			files = (
				52C86D0F2ACFA230008412E8 /* Localizable.strings in Resources */,
				526E17422AD53AD6007270F1 /* ItemFoodCell.xib in Resources */,
				526E17412AD53AD6007270F1 /* ItemCategoryCell.xib in Resources */,
				52C86D142ACFAAD2008412E8 /* swiftgen.yml in Resources */,
				526E17732AD6D2A7007270F1 /* FoodCategoryCell.xib in Resources */,
				52C86CE52ACF97B2008412E8 /* LaunchScreen.storyboard in Resources */,
				522393512ADE042D00B3776D /* OrderViewController.xib in Resources */,
				526E17602AD65152007270F1 /* FoodViewController.xib in Resources */,
				52C86CE22ACF97B2008412E8 /* Assets.xcassets in Resources */,
				526E17782AD79231007270F1 /* DetailViewController.xib in Resources */,
				5223937B2ADE3C7900B3776D /* FavouriteViewController.xib in Resources */,
				526E17322AD53A5D007270F1 /* HomeViewController.xib in Resources */,
				526E173F2AD53AD6007270F1 /* CategoryCell.xib in Resources */,
				526E17592AD62B78007270F1 /* FoodsCell.xib in Resources */,
			);
			runOnlyForDeploymentPostprocessing = 0;
		};
		52C86CE92ACF97B3008412E8 /* Resources */ = {
			isa = PBXResourcesBuildPhase;
			buildActionMask = 2147483647;
			files = (
			);
			runOnlyForDeploymentPostprocessing = 0;
		};
		52C86CF32ACF97B3008412E8 /* Resources */ = {
			isa = PBXResourcesBuildPhase;
			buildActionMask = 2147483647;
			files = (
			);
			runOnlyForDeploymentPostprocessing = 0;
		};
/* End PBXResourcesBuildPhase section */

/* Begin PBXShellScriptBuildPhase section */
		4A5A49FA3508556D8693DDCB /* [CP] Embed Pods Frameworks */ = {
			isa = PBXShellScriptBuildPhase;
			buildActionMask = 2147483647;
			files = (
			);
			inputFileListPaths = (
				"${PODS_ROOT}/Target Support Files/Pods-FoodMenu/Pods-FoodMenu-frameworks-${CONFIGURATION}-input-files.xcfilelist",
			);
			name = "[CP] Embed Pods Frameworks";
			outputFileListPaths = (
				"${PODS_ROOT}/Target Support Files/Pods-FoodMenu/Pods-FoodMenu-frameworks-${CONFIGURATION}-output-files.xcfilelist",
			);
			runOnlyForDeploymentPostprocessing = 0;
			shellPath = /bin/sh;
			shellScript = "\"${PODS_ROOT}/Target Support Files/Pods-FoodMenu/Pods-FoodMenu-frameworks.sh\"\n";
			showEnvVarsInLog = 0;
		};
		52C86D092ACFA055008412E8 /* Swiftgen */ = {
			isa = PBXShellScriptBuildPhase;
			buildActionMask = 2147483647;
			files = (
			);
			inputFileListPaths = (
			);
			inputPaths = (
			);
			name = Swiftgen;
			outputFileListPaths = (
			);
			outputPaths = (
			);
			runOnlyForDeploymentPostprocessing = 0;
			shellPath = /bin/sh;
			shellScript = "if [[ -f \"${PODS_ROOT}/SwiftGen/bin/swiftgen\" ]]; then\n  \"${PODS_ROOT}/SwiftGen/bin/swiftgen\" …\nelse\n  echo \"warning: SwiftGen is not installed. Run 'pod install --repo-update' to install it.\"\nfi\n";
		};
		79BA998552D2602A24EA26BD /* [CP] Check Pods Manifest.lock */ = {
			isa = PBXShellScriptBuildPhase;
			buildActionMask = 2147483647;
			files = (
			);
			inputFileListPaths = (
			);
			inputPaths = (
				"${PODS_PODFILE_DIR_PATH}/Podfile.lock",
				"${PODS_ROOT}/Manifest.lock",
			);
			name = "[CP] Check Pods Manifest.lock";
			outputFileListPaths = (
			);
			outputPaths = (
				"$(DERIVED_FILE_DIR)/Pods-FoodMenu-checkManifestLockResult.txt",
			);
			runOnlyForDeploymentPostprocessing = 0;
			shellPath = /bin/sh;
			shellScript = "diff \"${PODS_PODFILE_DIR_PATH}/Podfile.lock\" \"${PODS_ROOT}/Manifest.lock\" > /dev/null\nif [ $? != 0 ] ; then\n    # print error to STDERR\n    echo \"error: The sandbox is not in sync with the Podfile.lock. Run 'pod install' or update your CocoaPods installation.\" >&2\n    exit 1\nfi\n# This output is used by Xcode 'outputs' to avoid re-running this script phase.\necho \"SUCCESS\" > \"${SCRIPT_OUTPUT_FILE_0}\"\n";
			showEnvVarsInLog = 0;
		};
/* End PBXShellScriptBuildPhase section */

/* Begin PBXSourcesBuildPhase section */
		52C86CD12ACF97AE008412E8 /* Sources */ = {
			isa = PBXSourcesBuildPhase;
			buildActionMask = 2147483647;
			files = (
				526E17142AD4E266007270F1 /* BaseRequest.swift in Sources */,
				526E17642AD651EB007270F1 /* FoodNavigator.swift in Sources */,
				526E172F2AD4E99E007270F1 /* AppViewModel.swift in Sources */,
				52C86D1A2ACFB4F8008412E8 /* Strings+Generated.swift in Sources */,
				5223937A2ADE3C7900B3776D /* FavouriteViewController.swift in Sources */,
				526E173D2AD53AD6007270F1 /* CategoryCell.swift in Sources */,
				526E17122AD4E257007270F1 /* APIService.swift in Sources */,
				522393872ADE3EA900B3776D /* FoodEntity.xcdatamodeld in Sources */,
				526E17582AD62B78007270F1 /* FoodsCell.swift in Sources */,
				526E17772AD79231007270F1 /* DetailViewController.swift in Sources */,
				52C86CDD2ACF97AE008412E8 /* HomeViewController.swift in Sources */,
				52C86D162ACFB294008412E8 /* TabBarController.swift in Sources */,
				52C86D512AD00942008412E8 /* ErrorResponse.swift in Sources */,
				526E170B2AD4E1AB007270F1 /* HomeNavigator.swift in Sources */,
				526E17822AD79B9D007270F1 /* OrderRepository.swift in Sources */,
				5223934A2ADCEC8400B3776D /* UIViewController .swift in Sources */,
				52C86D4C2AD00917008412E8 /* CategoryResponse.swift in Sources */,
				526E172B2AD4E980007270F1 /* AppNavigator.swift in Sources */,
				5223938C2ADE416E00B3776D /* CoreDataService.swift in Sources */,
				526E171D2AD4E670007270F1 /* ViewModelType.swift in Sources */,
				526E17622AD651D2007270F1 /* FoodUseCase.swift in Sources */,
				522393552ADE068E00B3776D /* OrderUseCase.swift in Sources */,
				52C86D4F2AD0092F008412E8 /* NetworkManager.swift in Sources */,
				52C86CD92ACF97AE008412E8 /* AppDelegate.swift in Sources */,
				52C86D4B2AD00917008412E8 /* Category.swift in Sources */,
				522393502ADE042D00B3776D /* OrderViewController.swift in Sources */,
				5223933E2AD954EB00B3776D /* Order.swift in Sources */,
				522393802ADE3D1900B3776D /* FavouriteUseCase.swift in Sources */,
				526E17802AD79A37007270F1 /* DetailNavigator.swift in Sources */,
				52C86D4A2AD00917008412E8 /* Food.swift in Sources */,
				522393592ADE08A900B3776D /* OrdersRepository.swift in Sources */,
				526E171B2AD4E51A007270F1 /* Endpoint.swift in Sources */,
				526E176C2AD65C6D007270F1 /* FoodListResponse.swift in Sources */,
				5223935D2ADE09E200B3776D /* OrdersResponse.swift in Sources */,
				526E17722AD6D2A7007270F1 /* FoodCategoryCell.swift in Sources */,
				52C86D4D2AD00917008412E8 /* FoodResponse.swift in Sources */,
				526E17452AD54336007270F1 /* Constant.swift in Sources */,
				526E17242AD4E812007270F1 /* UINavigationController.swift in Sources */,
				526E176A2AD6552F007270F1 /* FoodViewModel.swift in Sources */,
				522393892ADE40BA00B3776D /* CoreDataReposiitory.swift in Sources */,
				526E177B2AD798BF007270F1 /* DetailViewModel.swift in Sources */,
				522393532ADE067C00B3776D /* OrderViewModel.swift in Sources */,
				526E171F2AD4E6AA007270F1 /* HomeViewModel.swift in Sources */,
				526E17292AD4E8E4007270F1 /* Bindable.swift in Sources */,
				526E17662AD6534A007270F1 /* FoodRequest.swift in Sources */,
				5223937E2ADE3D0D00B3776D /* FavouriteNavigator.swift in Sources */,
				522393422ADA361700B3776D /* UIButton.swift in Sources */,
				526E177E2AD79A29007270F1 /* DetailUseCase.swift in Sources */,
				526E17682AD6542C007270F1 /* FoodRepository.swift in Sources */,
				526E17162AD4E275007270F1 /* CategoryRequest.swift in Sources */,
				5223938E2ADE428500B3776D /* CoreDataErrorType.swift in Sources */,
				522393572ADE069800B3776D /* OrderNavigator.swift in Sources */,
				5223933C2AD9548200B3776D /* Request.swift in Sources */,
				522393822ADE3D2C00B3776D /* FavouriteViewModel.swift in Sources */,
				526E17842AD79BD2007270F1 /* OrderRequest.swift in Sources */,
				526E173C2AD53AD6007270F1 /* ItemFoodCell.swift in Sources */,
				522393402AD9550900B3776D /* OrderResponse.swift in Sources */,
				526E175F2AD65152007270F1 /* FoodViewController.swift in Sources */,
				5223935B2ADE095200B3776D /* OrdersRequest.swift in Sources */,
				526E17402AD53AD6007270F1 /* ItemCategoryCell.swift in Sources */,
				526E17192AD4E2A5007270F1 /* CategoryRepository.swift in Sources */,
				526E172D2AD4E993007270F1 /* AppUseCase.swift in Sources */,
				526E17092AD4E197007270F1 /* HomeUseCase.swift in Sources */,
			);
			runOnlyForDeploymentPostprocessing = 0;
		};
		52C86CE72ACF97B3008412E8 /* Sources */ = {
			isa = PBXSourcesBuildPhase;
			buildActionMask = 2147483647;
			files = (
			);
			runOnlyForDeploymentPostprocessing = 0;
		};
		52C86CF12ACF97B3008412E8 /* Sources */ = {
			isa = PBXSourcesBuildPhase;
			buildActionMask = 2147483647;
			files = (
			);
			runOnlyForDeploymentPostprocessing = 0;
		};
/* End PBXSourcesBuildPhase section */

/* Begin PBXTargetDependency section */
		52C86CED2ACF97B3008412E8 /* PBXTargetDependency */ = {
			isa = PBXTargetDependency;
			target = 52C86CD42ACF97AE008412E8 /* FoodMenu */;
			targetProxy = 52C86CEC2ACF97B3008412E8 /* PBXContainerItemProxy */;
		};
		52C86CF72ACF97B3008412E8 /* PBXTargetDependency */ = {
			isa = PBXTargetDependency;
			target = 52C86CD42ACF97AE008412E8 /* FoodMenu */;
			targetProxy = 52C86CF62ACF97B3008412E8 /* PBXContainerItemProxy */;
		};
/* End PBXTargetDependency section */

/* Begin PBXVariantGroup section */
		52C86CE32ACF97B2008412E8 /* LaunchScreen.storyboard */ = {
			isa = PBXVariantGroup;
			children = (
				52C86CE42ACF97B2008412E8 /* Base */,
			);
			name = LaunchScreen.storyboard;
			sourceTree = "<group>";
		};
/* End PBXVariantGroup section */

/* Begin XCBuildConfiguration section */
		52C86CFD2ACF97B3008412E8 /* Debug */ = {
			isa = XCBuildConfiguration;
			buildSettings = {
				ALWAYS_SEARCH_USER_PATHS = NO;
				CLANG_ANALYZER_NONNULL = YES;
				CLANG_ANALYZER_NUMBER_OBJECT_CONVERSION = YES_AGGRESSIVE;
				CLANG_CXX_LANGUAGE_STANDARD = "gnu++17";
				CLANG_ENABLE_MODULES = YES;
				CLANG_ENABLE_OBJC_ARC = YES;
				CLANG_ENABLE_OBJC_WEAK = YES;
				CLANG_WARN_BLOCK_CAPTURE_AUTORELEASING = YES;
				CLANG_WARN_BOOL_CONVERSION = YES;
				CLANG_WARN_COMMA = YES;
				CLANG_WARN_CONSTANT_CONVERSION = YES;
				CLANG_WARN_DEPRECATED_OBJC_IMPLEMENTATIONS = YES;
				CLANG_WARN_DIRECT_OBJC_ISA_USAGE = YES_ERROR;
				CLANG_WARN_DOCUMENTATION_COMMENTS = YES;
				CLANG_WARN_EMPTY_BODY = YES;
				CLANG_WARN_ENUM_CONVERSION = YES;
				CLANG_WARN_INFINITE_RECURSION = YES;
				CLANG_WARN_INT_CONVERSION = YES;
				CLANG_WARN_NON_LITERAL_NULL_CONVERSION = YES;
				CLANG_WARN_OBJC_IMPLICIT_RETAIN_SELF = YES;
				CLANG_WARN_OBJC_LITERAL_CONVERSION = YES;
				CLANG_WARN_OBJC_ROOT_CLASS = YES_ERROR;
				CLANG_WARN_QUOTED_INCLUDE_IN_FRAMEWORK_HEADER = YES;
				CLANG_WARN_RANGE_LOOP_ANALYSIS = YES;
				CLANG_WARN_STRICT_PROTOTYPES = YES;
				CLANG_WARN_SUSPICIOUS_MOVE = YES;
				CLANG_WARN_UNGUARDED_AVAILABILITY = YES_AGGRESSIVE;
				CLANG_WARN_UNREACHABLE_CODE = YES;
				CLANG_WARN__DUPLICATE_METHOD_MATCH = YES;
				COPY_PHASE_STRIP = NO;
				DEBUG_INFORMATION_FORMAT = dwarf;
				ENABLE_STRICT_OBJC_MSGSEND = YES;
				ENABLE_TESTABILITY = YES;
				GCC_C_LANGUAGE_STANDARD = gnu11;
				GCC_DYNAMIC_NO_PIC = NO;
				GCC_NO_COMMON_BLOCKS = YES;
				GCC_OPTIMIZATION_LEVEL = 0;
				GCC_PREPROCESSOR_DEFINITIONS = (
					"DEBUG=1",
					"$(inherited)",
				);
				GCC_WARN_64_TO_32_BIT_CONVERSION = YES;
				GCC_WARN_ABOUT_RETURN_TYPE = YES_ERROR;
				GCC_WARN_UNDECLARED_SELECTOR = YES;
				GCC_WARN_UNINITIALIZED_AUTOS = YES_AGGRESSIVE;
				GCC_WARN_UNUSED_FUNCTION = YES;
				GCC_WARN_UNUSED_VARIABLE = YES;
				IPHONEOS_DEPLOYMENT_TARGET = 15.5;
				MTL_ENABLE_DEBUG_INFO = INCLUDE_SOURCE;
				MTL_FAST_MATH = YES;
				ONLY_ACTIVE_ARCH = YES;
				SDKROOT = iphoneos;
				SWIFT_ACTIVE_COMPILATION_CONDITIONS = DEBUG;
				SWIFT_OPTIMIZATION_LEVEL = "-Onone";
			};
			name = Debug;
		};
		52C86CFE2ACF97B3008412E8 /* Release */ = {
			isa = XCBuildConfiguration;
			buildSettings = {
				ALWAYS_SEARCH_USER_PATHS = NO;
				CLANG_ANALYZER_NONNULL = YES;
				CLANG_ANALYZER_NUMBER_OBJECT_CONVERSION = YES_AGGRESSIVE;
				CLANG_CXX_LANGUAGE_STANDARD = "gnu++17";
				CLANG_ENABLE_MODULES = YES;
				CLANG_ENABLE_OBJC_ARC = YES;
				CLANG_ENABLE_OBJC_WEAK = YES;
				CLANG_WARN_BLOCK_CAPTURE_AUTORELEASING = YES;
				CLANG_WARN_BOOL_CONVERSION = YES;
				CLANG_WARN_COMMA = YES;
				CLANG_WARN_CONSTANT_CONVERSION = YES;
				CLANG_WARN_DEPRECATED_OBJC_IMPLEMENTATIONS = YES;
				CLANG_WARN_DIRECT_OBJC_ISA_USAGE = YES_ERROR;
				CLANG_WARN_DOCUMENTATION_COMMENTS = YES;
				CLANG_WARN_EMPTY_BODY = YES;
				CLANG_WARN_ENUM_CONVERSION = YES;
				CLANG_WARN_INFINITE_RECURSION = YES;
				CLANG_WARN_INT_CONVERSION = YES;
				CLANG_WARN_NON_LITERAL_NULL_CONVERSION = YES;
				CLANG_WARN_OBJC_IMPLICIT_RETAIN_SELF = YES;
				CLANG_WARN_OBJC_LITERAL_CONVERSION = YES;
				CLANG_WARN_OBJC_ROOT_CLASS = YES_ERROR;
				CLANG_WARN_QUOTED_INCLUDE_IN_FRAMEWORK_HEADER = YES;
				CLANG_WARN_RANGE_LOOP_ANALYSIS = YES;
				CLANG_WARN_STRICT_PROTOTYPES = YES;
				CLANG_WARN_SUSPICIOUS_MOVE = YES;
				CLANG_WARN_UNGUARDED_AVAILABILITY = YES_AGGRESSIVE;
				CLANG_WARN_UNREACHABLE_CODE = YES;
				CLANG_WARN__DUPLICATE_METHOD_MATCH = YES;
				COPY_PHASE_STRIP = NO;
				DEBUG_INFORMATION_FORMAT = "dwarf-with-dsym";
				ENABLE_NS_ASSERTIONS = NO;
				ENABLE_STRICT_OBJC_MSGSEND = YES;
				GCC_C_LANGUAGE_STANDARD = gnu11;
				GCC_NO_COMMON_BLOCKS = YES;
				GCC_WARN_64_TO_32_BIT_CONVERSION = YES;
				GCC_WARN_ABOUT_RETURN_TYPE = YES_ERROR;
				GCC_WARN_UNDECLARED_SELECTOR = YES;
				GCC_WARN_UNINITIALIZED_AUTOS = YES_AGGRESSIVE;
				GCC_WARN_UNUSED_FUNCTION = YES;
				GCC_WARN_UNUSED_VARIABLE = YES;
				IPHONEOS_DEPLOYMENT_TARGET = 15.5;
				MTL_ENABLE_DEBUG_INFO = NO;
				MTL_FAST_MATH = YES;
				SDKROOT = iphoneos;
				SWIFT_COMPILATION_MODE = wholemodule;
				SWIFT_OPTIMIZATION_LEVEL = "-O";
				VALIDATE_PRODUCT = YES;
			};
			name = Release;
		};
		52C86D002ACF97B3008412E8 /* Debug */ = {
			isa = XCBuildConfiguration;
			baseConfigurationReference = 23F0C80E57E35A19BECC256B /* Pods-FoodMenu.debug.xcconfig */;
			buildSettings = {
				ASSETCATALOG_COMPILER_APPICON_NAME = AppIcon;
				ASSETCATALOG_COMPILER_GLOBAL_ACCENT_COLOR_NAME = AccentColor;
				CODE_SIGN_STYLE = Automatic;
				CURRENT_PROJECT_VERSION = 1;
				GENERATE_INFOPLIST_FILE = YES;
				INFOPLIST_FILE = FoodMenu/Info.plist;
				INFOPLIST_KEY_UIApplicationSupportsIndirectInputEvents = YES;
				INFOPLIST_KEY_UILaunchStoryboardName = LaunchScreen;
				INFOPLIST_KEY_UIMainStoryboardFile = "";
				INFOPLIST_KEY_UISupportedInterfaceOrientations_iPad = "UIInterfaceOrientationPortrait UIInterfaceOrientationPortraitUpsideDown UIInterfaceOrientationLandscapeLeft UIInterfaceOrientationLandscapeRight";
				INFOPLIST_KEY_UISupportedInterfaceOrientations_iPhone = "UIInterfaceOrientationPortrait UIInterfaceOrientationLandscapeLeft UIInterfaceOrientationLandscapeRight";
				LD_RUNPATH_SEARCH_PATHS = (
					"$(inherited)",
					"@executable_path/Frameworks",
				);
				MARKETING_VERSION = 1.0;
				PRODUCT_BUNDLE_IDENTIFIER = No.FoodMenu;
				PRODUCT_NAME = "$(TARGET_NAME)";
				SWIFT_EMIT_LOC_STRINGS = YES;
				SWIFT_VERSION = 5.0;
				TARGETED_DEVICE_FAMILY = "1,2";
			};
			name = Debug;
		};
		52C86D012ACF97B3008412E8 /* Release */ = {
			isa = XCBuildConfiguration;
			baseConfigurationReference = 0F56117A2380C18EAEEF5EAA /* Pods-FoodMenu.release.xcconfig */;
			buildSettings = {
				ASSETCATALOG_COMPILER_APPICON_NAME = AppIcon;
				ASSETCATALOG_COMPILER_GLOBAL_ACCENT_COLOR_NAME = AccentColor;
				CODE_SIGN_STYLE = Automatic;
				CURRENT_PROJECT_VERSION = 1;
				GENERATE_INFOPLIST_FILE = YES;
				INFOPLIST_FILE = FoodMenu/Info.plist;
				INFOPLIST_KEY_UIApplicationSupportsIndirectInputEvents = YES;
				INFOPLIST_KEY_UILaunchStoryboardName = LaunchScreen;
				INFOPLIST_KEY_UIMainStoryboardFile = "";
				INFOPLIST_KEY_UISupportedInterfaceOrientations_iPad = "UIInterfaceOrientationPortrait UIInterfaceOrientationPortraitUpsideDown UIInterfaceOrientationLandscapeLeft UIInterfaceOrientationLandscapeRight";
				INFOPLIST_KEY_UISupportedInterfaceOrientations_iPhone = "UIInterfaceOrientationPortrait UIInterfaceOrientationLandscapeLeft UIInterfaceOrientationLandscapeRight";
				LD_RUNPATH_SEARCH_PATHS = (
					"$(inherited)",
					"@executable_path/Frameworks",
				);
				MARKETING_VERSION = 1.0;
				PRODUCT_BUNDLE_IDENTIFIER = No.FoodMenu;
				PRODUCT_NAME = "$(TARGET_NAME)";
				SWIFT_EMIT_LOC_STRINGS = YES;
				SWIFT_VERSION = 5.0;
				TARGETED_DEVICE_FAMILY = "1,2";
			};
			name = Release;
		};
		52C86D032ACF97B3008412E8 /* Debug */ = {
			isa = XCBuildConfiguration;
			buildSettings = {
				ALWAYS_EMBED_SWIFT_STANDARD_LIBRARIES = YES;
				BUNDLE_LOADER = "$(TEST_HOST)";
				CODE_SIGN_STYLE = Automatic;
				CURRENT_PROJECT_VERSION = 1;
				GENERATE_INFOPLIST_FILE = YES;
				IPHONEOS_DEPLOYMENT_TARGET = 15.5;
				MARKETING_VERSION = 1.0;
				PRODUCT_BUNDLE_IDENTIFIER = No.FoodMenuTests;
				PRODUCT_NAME = "$(TARGET_NAME)";
				SWIFT_EMIT_LOC_STRINGS = NO;
				SWIFT_VERSION = 5.0;
				TARGETED_DEVICE_FAMILY = "1,2";
				TEST_HOST = "$(BUILT_PRODUCTS_DIR)/FoodMenu.app/FoodMenu";
			};
			name = Debug;
		};
		52C86D042ACF97B3008412E8 /* Release */ = {
			isa = XCBuildConfiguration;
			buildSettings = {
				ALWAYS_EMBED_SWIFT_STANDARD_LIBRARIES = YES;
				BUNDLE_LOADER = "$(TEST_HOST)";
				CODE_SIGN_STYLE = Automatic;
				CURRENT_PROJECT_VERSION = 1;
				GENERATE_INFOPLIST_FILE = YES;
				IPHONEOS_DEPLOYMENT_TARGET = 15.5;
				MARKETING_VERSION = 1.0;
				PRODUCT_BUNDLE_IDENTIFIER = No.FoodMenuTests;
				PRODUCT_NAME = "$(TARGET_NAME)";
				SWIFT_EMIT_LOC_STRINGS = NO;
				SWIFT_VERSION = 5.0;
				TARGETED_DEVICE_FAMILY = "1,2";
				TEST_HOST = "$(BUILT_PRODUCTS_DIR)/FoodMenu.app/FoodMenu";
			};
			name = Release;
		};
		52C86D062ACF97B3008412E8 /* Debug */ = {
			isa = XCBuildConfiguration;
			buildSettings = {
				ALWAYS_EMBED_SWIFT_STANDARD_LIBRARIES = YES;
				CODE_SIGN_STYLE = Automatic;
				CURRENT_PROJECT_VERSION = 1;
				GENERATE_INFOPLIST_FILE = YES;
				MARKETING_VERSION = 1.0;
				PRODUCT_BUNDLE_IDENTIFIER = No.FoodMenuUITests;
				PRODUCT_NAME = "$(TARGET_NAME)";
				SWIFT_EMIT_LOC_STRINGS = NO;
				SWIFT_VERSION = 5.0;
				TARGETED_DEVICE_FAMILY = "1,2";
				TEST_TARGET_NAME = FoodMenu;
			};
			name = Debug;
		};
		52C86D072ACF97B3008412E8 /* Release */ = {
			isa = XCBuildConfiguration;
			buildSettings = {
				ALWAYS_EMBED_SWIFT_STANDARD_LIBRARIES = YES;
				CODE_SIGN_STYLE = Automatic;
				CURRENT_PROJECT_VERSION = 1;
				GENERATE_INFOPLIST_FILE = YES;
				MARKETING_VERSION = 1.0;
				PRODUCT_BUNDLE_IDENTIFIER = No.FoodMenuUITests;
				PRODUCT_NAME = "$(TARGET_NAME)";
				SWIFT_EMIT_LOC_STRINGS = NO;
				SWIFT_VERSION = 5.0;
				TARGETED_DEVICE_FAMILY = "1,2";
				TEST_TARGET_NAME = FoodMenu;
			};
			name = Release;
		};
/* End XCBuildConfiguration section */

/* Begin XCConfigurationList section */
		52C86CD02ACF97AE008412E8 /* Build configuration list for PBXProject "FoodMenu" */ = {
			isa = XCConfigurationList;
			buildConfigurations = (
				52C86CFD2ACF97B3008412E8 /* Debug */,
				52C86CFE2ACF97B3008412E8 /* Release */,
			);
			defaultConfigurationIsVisible = 0;
			defaultConfigurationName = Release;
		};
		52C86CFF2ACF97B3008412E8 /* Build configuration list for PBXNativeTarget "FoodMenu" */ = {
			isa = XCConfigurationList;
			buildConfigurations = (
				52C86D002ACF97B3008412E8 /* Debug */,
				52C86D012ACF97B3008412E8 /* Release */,
			);
			defaultConfigurationIsVisible = 0;
			defaultConfigurationName = Release;
		};
		52C86D022ACF97B3008412E8 /* Build configuration list for PBXNativeTarget "FoodMenuTests" */ = {
			isa = XCConfigurationList;
			buildConfigurations = (
				52C86D032ACF97B3008412E8 /* Debug */,
				52C86D042ACF97B3008412E8 /* Release */,
			);
			defaultConfigurationIsVisible = 0;
			defaultConfigurationName = Release;
		};
		52C86D052ACF97B3008412E8 /* Build configuration list for PBXNativeTarget "FoodMenuUITests" */ = {
			isa = XCConfigurationList;
			buildConfigurations = (
				52C86D062ACF97B3008412E8 /* Debug */,
				52C86D072ACF97B3008412E8 /* Release */,
			);
			defaultConfigurationIsVisible = 0;
			defaultConfigurationName = Release;
		};
/* End XCConfigurationList section */

/* Begin XCVersionGroup section */
		522393852ADE3EA900B3776D /* FoodEntity.xcdatamodeld */ = {
			isa = XCVersionGroup;
			children = (
				522393862ADE3EA900B3776D /* FoodEntity.xcdatamodel */,
			);
			currentVersion = 522393862ADE3EA900B3776D /* FoodEntity.xcdatamodel */;
			path = FoodEntity.xcdatamodeld;
			sourceTree = "<group>";
			versionGroupType = wrapper.xcdatamodel;
		};
/* End XCVersionGroup section */
	};
	rootObject = 52C86CCD2ACF97AE008412E8 /* Project object */;
}
